
Microsoft Visual Studio Solution File, Format Version 12.00
# Visual Studio Version 17
VisualStudioVersion = 17.13.35806.99 d17.13
MinimumVisualStudioVersion = 10.0.40219.1
Project("{FAE04EC0-301F-11D3-BF4B-00C04F79EFBC}") = "CarEnthusiastHub", "CarEnthusiastHub\CarEnthusiastHub.csproj", "{39DC4F5F-E05E-400D-86D0-17A07B8399DB}"
EndProject
Global
	GlobalSection(SolutionConfigurationPlatforms) = preSolution
		Debug|Any CPU = Debug|Any CPU
		Release|Any CPU = Release|Any CPU
	EndGlobalSection
	GlobalSection(ProjectConfigurationPlatforms) = postSolution
		{39DC4F5F-E05E-400D-86D0-17A07B8399DB}.Debug|Any CPU.ActiveCfg = Debug|Any CPU
		{39DC4F5F-E05E-400D-86D0-17A07B8399DB}.Debug|Any CPU.Build.0 = Debug|Any CPU
		{39DC4F5F-E05E-400D-86D0-17A07B8399DB}.Release|Any CPU.ActiveCfg = Release|Any CPU
		{39DC4F5F-E05E-400D-86D0-17A07B8399DB}.Release|Any CPU.Build.0 = Release|Any CPU
	EndGlobalSection
	GlobalSection(SolutionProperties) = preSolution
		HideSolutionNode = FALSE
	EndGlobalSection
	GlobalSection(ExtensibilityGlobals) = postSolution
		SolutionGuid = {8BBD96FF-5CDA-41E3-99D3-EED184B3FA06}
	EndGlobalSection
EndGlobal
